
Microsoft Visual Studio Solution File, Format Version 12.00
# Visual Studio Version 17
VisualStudioVersion = 17.2.32526.322
MinimumVisualStudioVersion = 10.0.40219.1
Project("{FAE04EC0-301F-11D3-BF4B-00C04F79EFBC}") = "EvDP_03LabExer1_10252022", "EvDP_03LabExer1_10252022.csproj", "{B623486F-C7B4-4CB7-AB22-2A1F490A5C72}"
EndProject
Global
	GlobalSection(SolutionConfigurationPlatforms) = preSolution
		Debug|Any CPU = Debug|Any CPU
		Release|Any CPU = Release|Any CPU
	EndGlobalSection
	GlobalSection(ProjectConfigurationPlatforms) = postSolution
		{B623486F-C7B4-4CB7-AB22-2A1F490A5C72}.Debug|Any CPU.ActiveCfg = Debug|Any CPU
		{B623486F-C7B4-4CB7-AB22-2A1F490A5C72}.Debug|Any CPU.Build.0 = Debug|Any CPU
		{B623486F-C7B4-4CB7-AB22-2A1F490A5C72}.Release|Any CPU.ActiveCfg = Release|Any CPU
		{B623486F-C7B4-4CB7-AB22-2A1F490A5C72}.Release|Any CPU.Build.0 = Release|Any CPU
	EndGlobalSection
	GlobalSection(SolutionProperties) = preSolution
		HideSolutionNode = FALSE
	EndGlobalSection
	GlobalSection(ExtensibilityGlobals) = postSolution
		SolutionGuid = {81240DB1-024C-48F8-B985-0F53C942E6F5}
	EndGlobalSection
EndGlobal
